
Microsoft Visual Studio Solution File, Format Version 12.00
# Visual Studio 15
VisualStudioVersion = 15.0.27428.2037
MinimumVisualStudioVersion = 10.0.40219.1
Project("{FAE04EC0-301F-11D3-BF4B-00C04F79EFBC}") = "NeuralNetworks", "NeuralNetworks\NeuralNetworks.csproj", "{5A8F125A-600A-449A-A242-FF0777F71F21}"
EndProject
Global
	GlobalSection(SolutionConfigurationPlatforms) = preSolution
		Debug|Any CPU = Debug|Any CPU
		Release|Any CPU = Release|Any CPU
	EndGlobalSection
	GlobalSection(ProjectConfigurationPlatforms) = postSolution
		{5A8F125A-600A-449A-A242-FF0777F71F21}.Debug|Any CPU.ActiveCfg = Debug|Any CPU
		{5A8F125A-600A-449A-A242-FF0777F71F21}.Debug|Any CPU.Build.0 = Debug|Any CPU
		{5A8F125A-600A-449A-A242-FF0777F71F21}.Release|Any CPU.ActiveCfg = Release|Any CPU
		{5A8F125A-600A-449A-A242-FF0777F71F21}.Release|Any CPU.Build.0 = Release|Any CPU
	EndGlobalSection
	GlobalSection(SolutionProperties) = preSolution
		HideSolutionNode = FALSE
	EndGlobalSection
	GlobalSection(ExtensibilityGlobals) = postSolution
		SolutionGuid = {8787A49F-2A63-49E9-971D-2588DBD19C15}
	EndGlobalSection
EndGlobal
